
Microsoft Visual Studio Solution File, Format Version 12.00
# Visual Studio Version 17
VisualStudioVersion = 17.4.33110.190
MinimumVisualStudioVersion = 10.0.40219.1
Project("{FAE04EC0-301F-11D3-BF4B-00C04F79EFBC}") = "Webp Converter", "ConsoleApp3\Webp Converter.csproj", "{DE34E004-E462-4A56-BF81-5A36F181C635}"
EndProject
Global
	GlobalSection(SolutionConfigurationPlatforms) = preSolution
		Debug|Any CPU = Debug|Any CPU
		Release|Any CPU = Release|Any CPU
	EndGlobalSection
	GlobalSection(ProjectConfigurationPlatforms) = postSolution
		{DE34E004-E462-4A56-BF81-5A36F181C635}.Debug|Any CPU.ActiveCfg = Debug|Any CPU
		{DE34E004-E462-4A56-BF81-5A36F181C635}.Debug|Any CPU.Build.0 = Debug|Any CPU
		{DE34E004-E462-4A56-BF81-5A36F181C635}.Release|Any CPU.ActiveCfg = Release|Any CPU
		{DE34E004-E462-4A56-BF81-5A36F181C635}.Release|Any CPU.Build.0 = Release|Any CPU
	EndGlobalSection
	GlobalSection(SolutionProperties) = preSolution
		HideSolutionNode = FALSE
	EndGlobalSection
	GlobalSection(ExtensibilityGlobals) = postSolution
		SolutionGuid = {26914104-7596-413E-8DC8-EFB318A8747F}
	EndGlobalSection
EndGlobal
